
Microsoft Visual Studio Solution File, Format Version 12.00
# Visual Studio Version 17
VisualStudioVersion = 17.7.34221.43
MinimumVisualStudioVersion = 10.0.40219.1
Project("{8BC9CEB8-8B4A-11D0-8D11-00A0C91BC942}") = "Tema3", "Tema3.vcxproj", "{CD684689-641A-4C59-97F2-0EB6399B73B5}"
EndProject
Global
	GlobalSection(SolutionConfigurationPlatforms) = preSolution
		Debug|x64 = Debug|x64
		Debug|x86 = Debug|x86
		Release|x64 = Release|x64
		Release|x86 = Release|x86
	EndGlobalSection
	GlobalSection(ProjectConfigurationPlatforms) = postSolution
		{CD684689-641A-4C59-97F2-0EB6399B73B5}.Debug|x64.ActiveCfg = Debug|x64
		{CD684689-641A-4C59-97F2-0EB6399B73B5}.Debug|x64.Build.0 = Debug|x64
		{CD684689-641A-4C59-97F2-0EB6399B73B5}.Debug|x86.ActiveCfg = Debug|Win32
		{CD684689-641A-4C59-97F2-0EB6399B73B5}.Debug|x86.Build.0 = Debug|Win32
		{CD684689-641A-4C59-97F2-0EB6399B73B5}.Release|x64.ActiveCfg = Release|x64
		{CD684689-641A-4C59-97F2-0EB6399B73B5}.Release|x64.Build.0 = Release|x64
		{CD684689-641A-4C59-97F2-0EB6399B73B5}.Release|x86.ActiveCfg = Release|Win32
		{CD684689-641A-4C59-97F2-0EB6399B73B5}.Release|x86.Build.0 = Release|Win32
	EndGlobalSection
	GlobalSection(SolutionProperties) = preSolution
		HideSolutionNode = FALSE
	EndGlobalSection
	GlobalSection(ExtensibilityGlobals) = postSolution
		SolutionGuid = {5858B77F-D8ED-464F-8CAF-D295B67DD628}
	EndGlobalSection
EndGlobal
